// !$*UTF8*$!
{
	archiveVersion = 1;
	classes = {
	};
	objectVersion = 46;
	objects = {

/* Begin PBXBuildFile section */
		D00D265415825ED800450B27 /* main.cpp in Sources */ = {isa = PBXBuildFile; fileRef = D00D265315825ED800450B27 /* main.cpp */; };
		D00D265615825ED800450B27 /* http_server_cpp.1 in CopyFiles */ = {isa = PBXBuildFile; fileRef = D00D265515825ED800450B27 /* http_server_cpp.1 */; };
		D00D265D15825F4500450B27 /* server.cpp in Sources */ = {isa = PBXBuildFile; fileRef = D00D265C15825F4500450B27 /* server.cpp */; };
		D00D265F15825F5000450B27 /* spec_template.cpp in Sources */ = {isa = PBXBuildFile; fileRef = D00D265E15825F5000450B27 /* spec_template.cpp */; };
		D04042E4158280A0005D1492 /* logger.cpp in Sources */ = {isa = PBXBuildFile; fileRef = D04042E3158280A0005D1492 /* logger.cpp */; };
		D04042E6158401C9005D1492 /* logger_test.cpp in Sources */ = {isa = PBXBuildFile; fileRef = D04042E5158401C9005D1492 /* logger_test.cpp */; };
/* End PBXBuildFile section */

/* Begin PBXCopyFilesBuildPhase section */
		D00D264D15825ED800450B27 /* CopyFiles */ = {
			isa = PBXCopyFilesBuildPhase;
			buildActionMask = 2147483647;
			dstPath = /usr/share/man/man1/;
			dstSubfolderSpec = 0;
			files = (
				D00D265615825ED800450B27 /* http_server_cpp.1 in CopyFiles */,
			);
			runOnlyForDeploymentPostprocessing = 1;
		};
/* End PBXCopyFilesBuildPhase section */

/* Begin PBXFileReference section */
		A0807B491585837300F7FF06 /* constraints.h */ = {isa = PBXFileReference; fileEncoding = 4; lastKnownFileType = sourcecode.c.h; path = constraints.h; sourceTree = "<group>"; };
		A0807B4A1585837300F7FF06 /* containsconstraint.h */ = {isa = PBXFileReference; fileEncoding = 4; lastKnownFileType = sourcecode.c.h; path = containsconstraint.h; sourceTree = "<group>"; };
		A0807B4B1585837300F7FF06 /* endswithconstraint.h */ = {isa = PBXFileReference; fileEncoding = 4; lastKnownFileType = sourcecode.c.h; path = endswithconstraint.h; sourceTree = "<group>"; };
		A0807B4C1585837300F7FF06 /* equalsconstraint.h */ = {isa = PBXFileReference; fileEncoding = 4; lastKnownFileType = sourcecode.c.h; path = equalsconstraint.h; sourceTree = "<group>"; };
		A0807B4E1585837300F7FF06 /* andexpression.h */ = {isa = PBXFileReference; fileEncoding = 4; lastKnownFileType = sourcecode.c.h; path = andexpression.h; sourceTree = "<group>"; };
		A0807B4F1585837300F7FF06 /* expression.h */ = {isa = PBXFileReference; fileEncoding = 4; lastKnownFileType = sourcecode.c.h; path = expression.h; sourceTree = "<group>"; };
		A0807B501585837300F7FF06 /* expression_fwd.h */ = {isa = PBXFileReference; fileEncoding = 4; lastKnownFileType = sourcecode.c.h; path = expression_fwd.h; sourceTree = "<group>"; };
		A0807B511585837300F7FF06 /* notexpression.h */ = {isa = PBXFileReference; fileEncoding = 4; lastKnownFileType = sourcecode.c.h; path = notexpression.h; sourceTree = "<group>"; };
		A0807B521585837300F7FF06 /* orexpression.h */ = {isa = PBXFileReference; fileEncoding = 4; lastKnownFileType = sourcecode.c.h; path = orexpression.h; sourceTree = "<group>"; };
		A0807B531585837300F7FF06 /* fulfillsconstraint.h */ = {isa = PBXFileReference; fileEncoding = 4; lastKnownFileType = sourcecode.c.h; path = fulfillsconstraint.h; sourceTree = "<group>"; };
		A0807B541585837300F7FF06 /* haslengthconstraint.h */ = {isa = PBXFileReference; fileEncoding = 4; lastKnownFileType = sourcecode.c.h; path = haslengthconstraint.h; sourceTree = "<group>"; };
		A0807B551585837300F7FF06 /* isgreaterthanconstraint.h */ = {isa = PBXFileReference; fileEncoding = 4; lastKnownFileType = sourcecode.c.h; path = isgreaterthanconstraint.h; sourceTree = "<group>"; };
		A0807B561585837300F7FF06 /* islessthanconstraint.h */ = {isa = PBXFileReference; fileEncoding = 4; lastKnownFileType = sourcecode.c.h; path = islessthanconstraint.h; sourceTree = "<group>"; };
		A0807B571585837300F7FF06 /* startswithconstraint.h */ = {isa = PBXFileReference; fileEncoding = 4; lastKnownFileType = sourcecode.c.h; path = startswithconstraint.h; sourceTree = "<group>"; };
		A0807B591585837300F7FF06 /* alternativeregistrationaliases.h */ = {isa = PBXFileReference; fileEncoding = 4; lastKnownFileType = sourcecode.c.h; path = alternativeregistrationaliases.h; sourceTree = "<group>"; };
		A0807B5A1585837300F7FF06 /* assert.h */ = {isa = PBXFileReference; fileEncoding = 4; lastKnownFileType = sourcecode.c.h; path = assert.h; sourceTree = "<group>"; };
		A0807B5B1585837300F7FF06 /* assertionexception.h */ = {isa = PBXFileReference; fileEncoding = 4; lastKnownFileType = sourcecode.c.h; path = assertionexception.h; sourceTree = "<group>"; };
		A0807B5C1585837300F7FF06 /* assertmacro.h */ = {isa = PBXFileReference; fileEncoding = 4; lastKnownFileType = sourcecode.c.h; path = assertmacro.h; sourceTree = "<group>"; };
		A0807B5D1585837300F7FF06 /* context.h */ = {isa = PBXFileReference; fileEncoding = 4; lastKnownFileType = sourcecode.c.h; path = context.h; sourceTree = "<group>"; };
		A0807B5E1585837300F7FF06 /* contextprovider.h */ = {isa = PBXFileReference; fileEncoding = 4; lastKnownFileType = sourcecode.c.h; path = contextprovider.h; sourceTree = "<group>"; };
		A0807B5F1585837300F7FF06 /* contextregistry.h */ = {isa = PBXFileReference; fileEncoding = 4; lastKnownFileType = sourcecode.c.h; path = contextregistry.h; sourceTree = "<group>"; };
		A0807B601585837300F7FF06 /* contextrunner.h */ = {isa = PBXFileReference; fileEncoding = 4; lastKnownFileType = sourcecode.c.h; path = contextrunner.h; sourceTree = "<group>"; };
		A0807B611585837300F7FF06 /* core.h */ = {isa = PBXFileReference; fileEncoding = 4; lastKnownFileType = sourcecode.c.h; path = core.h; sourceTree = "<group>"; };
		A0807B621585837300F7FF06 /* defaultregistrationaliases.h */ = {isa = PBXFileReference; fileEncoding = 4; lastKnownFileType = sourcecode.c.h; path = defaultregistrationaliases.h; sourceTree = "<group>"; };
		A0807B631585837300F7FF06 /* exceptions.h */ = {isa = PBXFileReference; fileEncoding = 4; lastKnownFileType = sourcecode.c.h; path = exceptions.h; sourceTree = "<group>"; };
		A0807B651585837300F7FF06 /* defaulttestresultsoutput.h */ = {isa = PBXFileReference; fileEncoding = 4; lastKnownFileType = sourcecode.c.h; path = defaulttestresultsoutput.h; sourceTree = "<group>"; };
		A0807B661585837300F7FF06 /* outputters.h */ = {isa = PBXFileReference; fileEncoding = 4; lastKnownFileType = sourcecode.c.h; path = outputters.h; sourceTree = "<group>"; };
		A0807B671585837300F7FF06 /* testresultsoutput.h */ = {isa = PBXFileReference; fileEncoding = 4; lastKnownFileType = sourcecode.c.h; path = testresultsoutput.h; sourceTree = "<group>"; };
		A0807B681585837300F7FF06 /* visualstudiooutput.h */ = {isa = PBXFileReference; fileEncoding = 4; lastKnownFileType = sourcecode.c.h; path = visualstudiooutput.h; sourceTree = "<group>"; };
		A0807B691585837300F7FF06 /* progressoutput.h */ = {isa = PBXFileReference; fileEncoding = 4; lastKnownFileType = sourcecode.c.h; path = progressoutput.h; sourceTree = "<group>"; };
		A0807B6A1585837300F7FF06 /* registration.h */ = {isa = PBXFileReference; fileEncoding = 4; lastKnownFileType = sourcecode.c.h; path = registration.h; sourceTree = "<group>"; };
		A0807B6B1585837300F7FF06 /* stringize.h */ = {isa = PBXFileReference; fileEncoding = 4; lastKnownFileType = sourcecode.c.h; path = stringize.h; sourceTree = "<group>"; };
		A0807B6C1585837300F7FF06 /* stringizers.h */ = {isa = PBXFileReference; fileEncoding = 4; lastKnownFileType = sourcecode.c.h; path = stringizers.h; sourceTree = "<group>"; };
		A0807B6D1585837300F7FF06 /* testlistener.h */ = {isa = PBXFileReference; fileEncoding = 4; lastKnownFileType = sourcecode.c.h; path = testlistener.h; sourceTree = "<group>"; };
		A0807B6E1585837300F7FF06 /* testlisteneraggregator.h */ = {isa = PBXFileReference; fileEncoding = 4; lastKnownFileType = sourcecode.c.h; path = testlisteneraggregator.h; sourceTree = "<group>"; };
		A0807B6F1585837300F7FF06 /* testresult.h */ = {isa = PBXFileReference; fileEncoding = 4; lastKnownFileType = sourcecode.c.h; path = testresult.h; sourceTree = "<group>"; };
		A0807B701585837300F7FF06 /* testresultfactory.h */ = {isa = PBXFileReference; fileEncoding = 4; lastKnownFileType = sourcecode.c.h; path = testresultfactory.h; sourceTree = "<group>"; };
		A0807B711585837300F7FF06 /* testresults.h */ = {isa = PBXFileReference; fileEncoding = 4; lastKnownFileType = sourcecode.c.h; path = testresults.h; sourceTree = "<group>"; };
		A0807B721585837300F7FF06 /* testrunner.h */ = {isa = PBXFileReference; fileEncoding = 4; lastKnownFileType = sourcecode.c.h; path = testrunner.h; sourceTree = "<group>"; };
		A0807B741585837300F7FF06 /* constraintadapter.h */ = {isa = PBXFileReference; fileEncoding = 4; lastKnownFileType = sourcecode.c.h; path = constraintadapter.h; sourceTree = "<group>"; };
		A0807B751585837300F7FF06 /* constraintlist.h */ = {isa = PBXFileReference; fileEncoding = 4; lastKnownFileType = sourcecode.c.h; path = constraintlist.h; sourceTree = "<group>"; };
		A0807B761585837300F7FF06 /* expressionbuilder.h */ = {isa = PBXFileReference; fileEncoding = 4; lastKnownFileType = sourcecode.c.h; path = expressionbuilder.h; sourceTree = "<group>"; };
		A0807B771585837300F7FF06 /* fluent.h */ = {isa = PBXFileReference; fileEncoding = 4; lastKnownFileType = sourcecode.c.h; path = fluent.h; sourceTree = "<group>"; };
		A0807B791585837300F7FF06 /* andoperator.h */ = {isa = PBXFileReference; fileEncoding = 4; lastKnownFileType = sourcecode.c.h; path = andoperator.h; sourceTree = "<group>"; };
		A0807B7B1585837300F7FF06 /* alloperator.h */ = {isa = PBXFileReference; fileEncoding = 4; lastKnownFileType = sourcecode.c.h; path = alloperator.h; sourceTree = "<group>"; };
		A0807B7C1585837300F7FF06 /* atleastoperator.h */ = {isa = PBXFileReference; fileEncoding = 4; lastKnownFileType = sourcecode.c.h; path = atleastoperator.h; sourceTree = "<group>"; };
		A0807B7D1585837300F7FF06 /* atmostoperator.h */ = {isa = PBXFileReference; fileEncoding = 4; lastKnownFileType = sourcecode.c.h; path = atmostoperator.h; sourceTree = "<group>"; };
		A0807B7E1585837300F7FF06 /* collectionconstraintevaluator.h */ = {isa = PBXFileReference; fileEncoding = 4; lastKnownFileType = sourcecode.c.h; path = collectionconstraintevaluator.h; sourceTree = "<group>"; };
		A0807B7F1585837300F7FF06 /* collectionoperator.h */ = {isa = PBXFileReference; fileEncoding = 4; lastKnownFileType = sourcecode.c.h; path = collectionoperator.h; sourceTree = "<group>"; };
		A0807B801585837300F7FF06 /* exactlyoperator.h */ = {isa = PBXFileReference; fileEncoding = 4; lastKnownFileType = sourcecode.c.h; path = exactlyoperator.h; sourceTree = "<group>"; };
		A0807B811585837300F7FF06 /* noneoperator.h */ = {isa = PBXFileReference; fileEncoding = 4; lastKnownFileType = sourcecode.c.h; path = noneoperator.h; sourceTree = "<group>"; };
		A0807B821585837300F7FF06 /* constraintoperator.h */ = {isa = PBXFileReference; fileEncoding = 4; lastKnownFileType = sourcecode.c.h; path = constraintoperator.h; sourceTree = "<group>"; };
		A0807B831585837300F7FF06 /* notoperator.h */ = {isa = PBXFileReference; fileEncoding = 4; lastKnownFileType = sourcecode.c.h; path = notoperator.h; sourceTree = "<group>"; };
		A0807B841585837300F7FF06 /* oroperator.h */ = {isa = PBXFileReference; fileEncoding = 4; lastKnownFileType = sourcecode.c.h; path = oroperator.h; sourceTree = "<group>"; };
		A0807B851585837300F7FF06 /* igloo.h */ = {isa = PBXFileReference; fileEncoding = 4; lastKnownFileType = sourcecode.c.h; path = igloo.h; sourceTree = "<group>"; };
		A0807B861585837300F7FF06 /* igloo_alt.h */ = {isa = PBXFileReference; fileEncoding = 4; lastKnownFileType = sourcecode.c.h; path = igloo_alt.h; sourceTree = "<group>"; };
		A0807B871585837300F7FF06 /* igloo_framework.h */ = {isa = PBXFileReference; fileEncoding = 4; lastKnownFileType = sourcecode.c.h; path = igloo_framework.h; sourceTree = "<group>"; };
		D00D264F15825ED800450B27 /* http-server-cpp */ = {isa = PBXFileReference; explicitFileType = "compiled.mach-o.executable"; includeInIndex = 0; path = "http-server-cpp"; sourceTree = BUILT_PRODUCTS_DIR; };
		D00D265315825ED800450B27 /* main.cpp */ = {isa = PBXFileReference; lastKnownFileType = sourcecode.cpp.cpp; path = main.cpp; sourceTree = "<group>"; };
		D00D265515825ED800450B27 /* http_server_cpp.1 */ = {isa = PBXFileReference; lastKnownFileType = text.man; path = http_server_cpp.1; sourceTree = "<group>"; };
		D00D265C15825F4500450B27 /* server.cpp */ = {isa = PBXFileReference; fileEncoding = 4; lastKnownFileType = sourcecode.cpp.cpp; path = server.cpp; sourceTree = "<group>"; };
		D00D265E15825F5000450B27 /* spec_template.cpp */ = {isa = PBXFileReference; fileEncoding = 4; lastKnownFileType = sourcecode.cpp.cpp; path = spec_template.cpp; sourceTree = "<group>"; };
		D00D26621582602100450B27 /* server.h */ = {isa = PBXFileReference; fileEncoding = 4; lastKnownFileType = sourcecode.c.h; path = server.h; sourceTree = "<group>"; };
		D04042E115827A73005D1492 /* logger.h */ = {isa = PBXFileReference; fileEncoding = 4; lastKnownFileType = sourcecode.c.h; path = logger.h; sourceTree = "<group>"; };
		D04042E3158280A0005D1492 /* logger.cpp */ = {isa = PBXFileReference; fileEncoding = 4; lastKnownFileType = sourcecode.cpp.cpp; path = logger.cpp; sourceTree = "<group>"; };
		D04042E5158401C9005D1492 /* logger_test.cpp */ = {isa = PBXFileReference; fileEncoding = 4; lastKnownFileType = sourcecode.cpp.cpp; path = logger_test.cpp; sourceTree = "<group>"; };
		D04042E7158427D7005D1492 /* index.html */ = {isa = PBXFileReference; fileEncoding = 4; lastKnownFileType = text.html; path = index.html; sourceTree = "<group>"; };
/* End PBXFileReference section */

/* Begin PBXFrameworksBuildPhase section */
		D00D264C15825ED800450B27 /* Frameworks */ = {
			isa = PBXFrameworksBuildPhase;
			buildActionMask = 2147483647;
			files = (
			);
			runOnlyForDeploymentPostprocessing = 0;
		};
/* End PBXFrameworksBuildPhase section */

/* Begin PBXGroup section */
		A0807B471585837300F7FF06 /* igloo */ = {
			isa = PBXGroup;
			children = (
				A0807B481585837300F7FF06 /* constraints */,
				A0807B581585837300F7FF06 /* core */,
				A0807B731585837300F7FF06 /* fluent */,
				A0807B851585837300F7FF06 /* igloo.h */,
				A0807B861585837300F7FF06 /* igloo_alt.h */,
				A0807B871585837300F7FF06 /* igloo_framework.h */,
			);
			name = igloo;
			path = "http-server-cpp/igloo";
			sourceTree = "<group>";
		};
		A0807B481585837300F7FF06 /* constraints */ = {
			isa = PBXGroup;
			children = (
				A0807B491585837300F7FF06 /* constraints.h */,
				A0807B4A1585837300F7FF06 /* containsconstraint.h */,
				A0807B4B1585837300F7FF06 /* endswithconstraint.h */,
				A0807B4C1585837300F7FF06 /* equalsconstraint.h */,
				A0807B4D1585837300F7FF06 /* expressions */,
				A0807B531585837300F7FF06 /* fulfillsconstraint.h */,
				A0807B541585837300F7FF06 /* haslengthconstraint.h */,
				A0807B551585837300F7FF06 /* isgreaterthanconstraint.h */,
				A0807B561585837300F7FF06 /* islessthanconstraint.h */,
				A0807B571585837300F7FF06 /* startswithconstraint.h */,
			);
			path = constraints;
			sourceTree = "<group>";
		};
		A0807B4D1585837300F7FF06 /* expressions */ = {
			isa = PBXGroup;
			children = (
				A0807B4E1585837300F7FF06 /* andexpression.h */,
				A0807B4F1585837300F7FF06 /* expression.h */,
				A0807B501585837300F7FF06 /* expression_fwd.h */,
				A0807B511585837300F7FF06 /* notexpression.h */,
				A0807B521585837300F7FF06 /* orexpression.h */,
			);
			path = expressions;
			sourceTree = "<group>";
		};
		A0807B581585837300F7FF06 /* core */ = {
			isa = PBXGroup;
			children = (
				A0807B591585837300F7FF06 /* alternativeregistrationaliases.h */,
				A0807B5A1585837300F7FF06 /* assert.h */,
				A0807B5B1585837300F7FF06 /* assertionexception.h */,
				A0807B5C1585837300F7FF06 /* assertmacro.h */,
				A0807B5D1585837300F7FF06 /* context.h */,
				A0807B5E1585837300F7FF06 /* contextprovider.h */,
				A0807B5F1585837300F7FF06 /* contextregistry.h */,
				A0807B601585837300F7FF06 /* contextrunner.h */,
				A0807B611585837300F7FF06 /* core.h */,
				A0807B621585837300F7FF06 /* defaultregistrationaliases.h */,
				A0807B631585837300F7FF06 /* exceptions.h */,
				A0807B641585837300F7FF06 /* outputters */,
				A0807B691585837300F7FF06 /* progressoutput.h */,
				A0807B6A1585837300F7FF06 /* registration.h */,
				A0807B6B1585837300F7FF06 /* stringize.h */,
				A0807B6C1585837300F7FF06 /* stringizers.h */,
				A0807B6D1585837300F7FF06 /* testlistener.h */,
				A0807B6E1585837300F7FF06 /* testlisteneraggregator.h */,
				A0807B6F1585837300F7FF06 /* testresult.h */,
				A0807B701585837300F7FF06 /* testresultfactory.h */,
				A0807B711585837300F7FF06 /* testresults.h */,
				A0807B721585837300F7FF06 /* testrunner.h */,
			);
			path = core;
			sourceTree = "<group>";
		};
		A0807B641585837300F7FF06 /* outputters */ = {
			isa = PBXGroup;
			children = (
				A0807B651585837300F7FF06 /* defaulttestresultsoutput.h */,
				A0807B661585837300F7FF06 /* outputters.h */,
				A0807B671585837300F7FF06 /* testresultsoutput.h */,
				A0807B681585837300F7FF06 /* visualstudiooutput.h */,
			);
			path = outputters;
			sourceTree = "<group>";
		};
		A0807B731585837300F7FF06 /* fluent */ = {
			isa = PBXGroup;
			children = (
				A0807B741585837300F7FF06 /* constraintadapter.h */,
				A0807B751585837300F7FF06 /* constraintlist.h */,
				A0807B761585837300F7FF06 /* expressionbuilder.h */,
				A0807B771585837300F7FF06 /* fluent.h */,
				A0807B781585837300F7FF06 /* operators */,
			);
			path = fluent;
			sourceTree = "<group>";
		};
		A0807B781585837300F7FF06 /* operators */ = {
			isa = PBXGroup;
			children = (
				A0807B791585837300F7FF06 /* andoperator.h */,
				A0807B7A1585837300F7FF06 /* collections */,
				A0807B821585837300F7FF06 /* constraintoperator.h */,
				A0807B831585837300F7FF06 /* notoperator.h */,
				A0807B841585837300F7FF06 /* oroperator.h */,
			);
			path = operators;
			sourceTree = "<group>";
		};
		A0807B7A1585837300F7FF06 /* collections */ = {
			isa = PBXGroup;
			children = (
				A0807B7B1585837300F7FF06 /* alloperator.h */,
				A0807B7C1585837300F7FF06 /* atleastoperator.h */,
				A0807B7D1585837300F7FF06 /* atmostoperator.h */,
				A0807B7E1585837300F7FF06 /* collectionconstraintevaluator.h */,
				A0807B7F1585837300F7FF06 /* collectionoperator.h */,
				A0807B801585837300F7FF06 /* exactlyoperator.h */,
				A0807B811585837300F7FF06 /* noneoperator.h */,
			);
			path = collections;
			sourceTree = "<group>";
		};
		D00D264415825ED800450B27 = {
			isa = PBXGroup;
			children = (
				A0807B471585837300F7FF06 /* igloo */,
				D00D265215825ED800450B27 /* http-server-cpp */,
				D00D265015825ED800450B27 /* Products */,
			);
			sourceTree = "<group>";
		};
		D00D265015825ED800450B27 /* Products */ = {
			isa = PBXGroup;
			children = (
				D00D264F15825ED800450B27 /* http-server-cpp */,
			);
			name = Products;
			sourceTree = "<group>";
		};
		D00D265215825ED800450B27 /* http-server-cpp */ = {
			isa = PBXGroup;
			children = (
				D00D265515825ED800450B27 /* http_server_cpp.1 */,
				D04042E7158427D7005D1492 /* index.html */,
				D00D266015825F7A00450B27 /* spec */,
				D00D266115825F8500450B27 /* src */,
			);
			path = "http-server-cpp";
			sourceTree = "<group>";
		};
		D00D266015825F7A00450B27 /* spec */ = {
			isa = PBXGroup;
			children = (
				D00D265E15825F5000450B27 /* spec_template.cpp */,
				D04042E5158401C9005D1492 /* logger_test.cpp */,
			);
			name = spec;
			sourceTree = "<group>";
		};
		D00D266115825F8500450B27 /* src */ = {
			isa = PBXGroup;
			children = (
				D00D265315825ED800450B27 /* main.cpp */,
				D00D265C15825F4500450B27 /* server.cpp */,
				D00D26621582602100450B27 /* server.h */,
				D04042E115827A73005D1492 /* logger.h */,
				D04042E3158280A0005D1492 /* logger.cpp */,
			);
			name = src;
			sourceTree = "<group>";
		};
/* End PBXGroup section */

/* Begin PBXNativeTarget section */
		D00D264E15825ED800450B27 /* http-server-cpp */ = {
			isa = PBXNativeTarget;
			buildConfigurationList = D00D265915825ED800450B27 /* Build configuration list for PBXNativeTarget "http-server-cpp" */;
			buildPhases = (
				D00D264B15825ED800450B27 /* Sources */,
				D00D264C15825ED800450B27 /* Frameworks */,
				D00D264D15825ED800450B27 /* CopyFiles */,
			);
			buildRules = (
			);
			dependencies = (
			);
			name = "http-server-cpp";
			productName = "http-server-cpp";
			productReference = D00D264F15825ED800450B27 /* http-server-cpp */;
			productType = "com.apple.product-type.tool";
		};
/* End PBXNativeTarget section */

/* Begin PBXProject section */
		D00D264615825ED800450B27 /* Project object */ = {
			isa = PBXProject;
			attributes = {
				LastUpgradeCheck = 0420;
			};
			buildConfigurationList = D00D264915825ED800450B27 /* Build configuration list for PBXProject "http-server-cpp" */;
			compatibilityVersion = "Xcode 3.2";
			developmentRegion = English;
			hasScannedForEncodings = 0;
			knownRegions = (
				en,
			);
			mainGroup = D00D264415825ED800450B27;
			productRefGroup = D00D265015825ED800450B27 /* Products */;
			projectDirPath = "";
			projectRoot = "";
			targets = (
				D00D264E15825ED800450B27 /* http-server-cpp */,
			);
		};
/* End PBXProject section */

/* Begin PBXSourcesBuildPhase section */
		D00D264B15825ED800450B27 /* Sources */ = {
			isa = PBXSourcesBuildPhase;
			buildActionMask = 2147483647;
			files = (
				D00D265415825ED800450B27 /* main.cpp in Sources */,
				D00D265D15825F4500450B27 /* server.cpp in Sources */,
				D00D265F15825F5000450B27 /* spec_template.cpp in Sources */,
				D04042E4158280A0005D1492 /* logger.cpp in Sources */,
				D04042E6158401C9005D1492 /* logger_test.cpp in Sources */,
			);
			runOnlyForDeploymentPostprocessing = 0;
		};
/* End PBXSourcesBuildPhase section */

/* Begin XCBuildConfiguration section */
		D00D265715825ED800450B27 /* Debug */ = {
			isa = XCBuildConfiguration;
			buildSettings = {
				ALWAYS_SEARCH_USER_PATHS = NO;
				ARCHS = "$(ARCHS_STANDARD_64_BIT)";
				CLANG_ENABLE_OBJC_ARC = YES;
				COPY_PHASE_STRIP = NO;
				GCC_C_LANGUAGE_STANDARD = gnu99;
				GCC_DYNAMIC_NO_PIC = NO;
				GCC_ENABLE_OBJC_EXCEPTIONS = YES;
				GCC_OPTIMIZATION_LEVEL = 0;
				GCC_PREPROCESSOR_DEFINITIONS = (
					"DEBUG=1",
					"$(inherited)",
				);
				GCC_SYMBOLS_PRIVATE_EXTERN = NO;
				GCC_VERSION = com.apple.compilers.llvmgcc42;
				GCC_WARN_64_TO_32_BIT_CONVERSION = YES;
				GCC_WARN_ABOUT_MISSING_PROTOTYPES = YES;
				GCC_WARN_ABOUT_RETURN_TYPE = YES;
				GCC_WARN_UNUSED_VARIABLE = YES;
				"HEADER_SEARCH_PATHS[arch=*]" = "/Users/Justin/8thlight/tasks/http-server/";
				MACOSX_DEPLOYMENT_TARGET = 10.7;
				ONLY_ACTIVE_ARCH = YES;
				SDKROOT = macosx;
			};
			name = Debug;
		};
		D00D265815825ED800450B27 /* Release */ = {
			isa = XCBuildConfiguration;
			buildSettings = {
				ALWAYS_SEARCH_USER_PATHS = NO;
				ARCHS = "$(ARCHS_STANDARD_64_BIT)";
				CLANG_ENABLE_OBJC_ARC = YES;
				COPY_PHASE_STRIP = YES;
				DEBUG_INFORMATION_FORMAT = "dwarf-with-dsym";
				GCC_C_LANGUAGE_STANDARD = gnu99;
				GCC_ENABLE_OBJC_EXCEPTIONS = YES;
				GCC_VERSION = com.apple.compilers.llvmgcc42;
				GCC_WARN_64_TO_32_BIT_CONVERSION = YES;
				GCC_WARN_ABOUT_MISSING_PROTOTYPES = YES;
				GCC_WARN_ABOUT_RETURN_TYPE = YES;
				GCC_WARN_UNUSED_VARIABLE = YES;
				MACOSX_DEPLOYMENT_TARGET = 10.7;
				SDKROOT = macosx;
			};
			name = Release;
		};
		D00D265A15825ED800450B27 /* Debug */ = {
			isa = XCBuildConfiguration;
			buildSettings = {
				"HEADER_SEARCH_PATHS[arch=*]" = "/Users/Justin/8thlight/tasks/http-server/igloo/**";
				PRODUCT_NAME = "$(TARGET_NAME)";
			};
			name = Debug;
		};
		D00D265B15825ED800450B27 /* Release */ = {
			isa = XCBuildConfiguration;
			buildSettings = {
				PRODUCT_NAME = "$(TARGET_NAME)";
			};
			name = Release;
		};
/* End XCBuildConfiguration section */

/* Begin XCConfigurationList section */
		D00D264915825ED800450B27 /* Build configuration list for PBXProject "http-server-cpp" */ = {
			isa = XCConfigurationList;
			buildConfigurations = (
				D00D265715825ED800450B27 /* Debug */,
				D00D265815825ED800450B27 /* Release */,
			);
			defaultConfigurationIsVisible = 0;
			defaultConfigurationName = Release;
		};
		D00D265915825ED800450B27 /* Build configuration list for PBXNativeTarget "http-server-cpp" */ = {
			isa = XCConfigurationList;
			buildConfigurations = (
				D00D265A15825ED800450B27 /* Debug */,
				D00D265B15825ED800450B27 /* Release */,
			);
			defaultConfigurationIsVisible = 0;
			defaultConfigurationName = Release;
		};
/* End XCConfigurationList section */
	};
	rootObject = D00D264615825ED800450B27 /* Project object */;
}
